
Microsoft Visual Studio Solution File, Format Version 12.00
Project("{FAE04EC0-301F-11D3-BF4B-00C04F79EFBC}") = "Jobs.Api", "Jobs.Api\Jobs.Api.csproj", "{91232DB4-11E2-4569-8AC7-423783F5D4FC}"
EndProject
Global
	GlobalSection(SolutionConfigurationPlatforms) = preSolution
		Debug|Any CPU = Debug|Any CPU
		Release|Any CPU = Release|Any CPU
	EndGlobalSection
	GlobalSection(ProjectConfigurationPlatforms) = postSolution
		{91232DB4-11E2-4569-8AC7-423783F5D4FC}.Debug|Any CPU.ActiveCfg = Debug|Any CPU
		{91232DB4-11E2-4569-8AC7-423783F5D4FC}.Debug|Any CPU.Build.0 = Debug|Any CPU
		{91232DB4-11E2-4569-8AC7-423783F5D4FC}.Release|Any CPU.ActiveCfg = Release|Any CPU
		{91232DB4-11E2-4569-8AC7-423783F5D4FC}.Release|Any CPU.Build.0 = Release|Any CPU
	EndGlobalSection
EndGlobal
